Microsoft Visual Studio Solution File, Format Version 12.00
# Visual Studio Version 17
VisualStudioVersion = 17.13.35919.96
MinimumVisualStudioVersion = 10.0.40219.1
Project("{FAE04EC0-301F-11D3-BF4B-00C04F79EFBC}") = "PowerPressSettingsManager", "PowerPressSettingsManager\PowerPressSettingsManager.csproj", "{C4209CD4-8E69-429A-843D-05FE5926E4FC}"
EndProject
Global
	GlobalSection(SolutionConfigurationPlatforms) = preSolution
		Debug|Any CPU = Debug|Any CPU
		Release|Any CPU = Release|Any CPU
	EndGlobalSection
	GlobalSection(ProjectConfigurationPlatforms) = postSolution
		{C4209CD4-8E69-429A-843D-05FE5926E4FC}.Debug|Any CPU.ActiveCfg = Debug|Any CPU
		{C4209CD4-8E69-429A-843D-05FE5926E4FC}.Debug|Any CPU.Build.0 = Debug|Any CPU
		{C4209CD4-8E69-429A-843D-05FE5926E4FC}.Release|Any CPU.ActiveCfg = Release|Any CPU
		{C4209CD4-8E69-429A-843D-05FE5926E4FC}.Release|Any CPU.Build.0 = Release|Any CPU
	EndGlobalSection
	GlobalSection(SolutionProperties) = preSolution
		HideSolutionNode = FALSE
	EndGlobalSection
	GlobalSection(ExtensibilityGlobals) = postSolution
		SolutionGuid = {D0EDF938-4F35-48AC-8853-9D2ACB7D2A7B}
	EndGlobalSection
EndGlobal
